
Microsoft Visual Studio Solution File, Format Version 12.00
# Visual Studio Version 17
VisualStudioVersion = 17.4.33122.133
MinimumVisualStudioVersion = 10.0.40219.1
Project("{2150E333-8FDC-42A3-9474-1A3956D46DE8}") = "Client", "Client", "{5D9BE2D9-8C26-4A53-B38D-7F7953C554DE}"
EndProject
Project("{FAE04EC0-301F-11D3-BF4B-00C04F79EFBC}") = "AegiClient", "AegiClient\AegiClient.csproj", "{F439CA8A-106C-49D0-8B41-9D82DEA7F615}"
EndProject
Global
	GlobalSection(SolutionConfigurationPlatforms) = preSolution
		Debug|Any CPU = Debug|Any CPU
		Release|Any CPU = Release|Any CPU
	EndGlobalSection
	GlobalSection(ProjectConfigurationPlatforms) = postSolution
		{F439CA8A-106C-49D0-8B41-9D82DEA7F615}.Debug|Any CPU.ActiveCfg = Debug|Any CPU
		{F439CA8A-106C-49D0-8B41-9D82DEA7F615}.Debug|Any CPU.Build.0 = Debug|Any CPU
		{F439CA8A-106C-49D0-8B41-9D82DEA7F615}.Release|Any CPU.ActiveCfg = Release|Any CPU
		{F439CA8A-106C-49D0-8B41-9D82DEA7F615}.Release|Any CPU.Build.0 = Release|Any CPU
	EndGlobalSection
	GlobalSection(SolutionProperties) = preSolution
		HideSolutionNode = FALSE
	EndGlobalSection
	GlobalSection(NestedProjects) = preSolution
		{F439CA8A-106C-49D0-8B41-9D82DEA7F615} = {5D9BE2D9-8C26-4A53-B38D-7F7953C554DE}
	EndGlobalSection
	GlobalSection(ExtensibilityGlobals) = postSolution
		SolutionGuid = {381DE8A0-6EFB-4971-A24B-DA2D6C77B979}
	EndGlobalSection
EndGlobal
